[{<<"epgsql">>,
  {git,"git://github.com/epgsql/epgsql.git",
       {ref,"e0379f93f2fe54055d4e0304dd2fcfe1ffd97ec1"}},
  0},
 {<<"goldrush">>,
  {git,"git://github.com/DeadZen/goldrush.git",
       {ref,"212299233c7e7eb63a97be2777e1c05ebaa58dbe"}},
  1},
 {<<"jsx">>,
  {git,"git://github.com/talentdeficit/jsx.git",
       {ref,"3074d4865b3385a050badf7828ad31490d860df5"}},
  0},
 {<<"lager">>,
  {git,"git://github.com/basho/lager.git",
       {ref,"b2cb2735713e3021e0761623ff595d53a545438e"}},
  0},
 {<<"mochiweb">>,{pkg,<<"mochiweb">>,<<"2.12.2">>},1},
 {<<"webmachine">>,
  {git,"git://github.com/webmachine/webmachine",
       {ref,"30f2386b008b41c07fd4a0274a9846a4020a074d"}},
  0}].
